// !$*UTF8*$!
{
	archiveVersion = 1;
	classes = {
	};
	objectVersion = 77;
	objects = {

/* Begin PBXBuildFile section */
		A763F9C02DB691F800EC9583 /* ContentView.swift in Sources */ = {isa = PBXBuildFile; fileRef = A763F9B42DB691F800EC9583 /* ContentView.swift */; };
		A763F9C12DB691F800EC9583 /* DataAnalysisView.swift in Sources */ = {isa = PBXBuildFile; fileRef = A763F9B52DB691F800EC9583 /* DataAnalysisView.swift */; };
		A763F9C22DB691F800EC9583 /* EditNameSheet.swift in Sources */ = {isa = PBXBuildFile; fileRef = A763F9B62DB691F800EC9583 /* EditNameSheet.swift */; };
		A763F9C32DB691F800EC9583 /* Hamzzang.swift in Sources */ = {isa = PBXBuildFile; fileRef = A763F9B72DB691F800EC9583 /* Hamzzang.swift */; };
		A763F9C42DB691F800EC9583 /* HamzzangListView.swift in Sources */ = {isa = PBXBuildFile; fileRef = A763F9B82DB691F800EC9583 /* HamzzangListView.swift */; };
		A763F9C52DB691F800EC9583 /* HamzzangMainView.swift in Sources */ = {isa = PBXBuildFile; fileRef = A763F9B92DB691F800EC9583 /* HamzzangMainView.swift */; };
		A763F9C62DB691F800EC9583 /* miniHamzzangApp.swift in Sources */ = {isa = PBXBuildFile; fileRef = A763F9BA2DB691F800EC9583 /* miniHamzzangApp.swift */; };
		A763F9C72DB691F800EC9583 /* Note.swift in Sources */ = {isa = PBXBuildFile; fileRef = A763F9BB2DB691F800EC9583 /* Note.swift */; };
		A763F9C82DB691F800EC9583 /* NoteEditorSheet.swift in Sources */ = {isa = PBXBuildFile; fileRef = A763F9BC2DB691F800EC9583 /* NoteEditorSheet.swift */; };
		A763F9C92DB691F800EC9583 /* NoteInputView.swift in Sources */ = {isa = PBXBuildFile; fileRef = A763F9BD2DB691F800EC9583 /* NoteInputView.swift */; };
		A763F9CA2DB691F800EC9583 /* NoteListView.swift in Sources */ = {isa = PBXBuildFile; fileRef = A763F9BE2DB691F800EC9583 /* NoteListView.swift */; };
		A763F9CB2DB691F800EC9583 /* Preview Assets.xcassets in Resources */ = {isa = PBXBuildFile; fileRef = A763F9B12DB691F800EC9583 /* Preview Assets.xcassets */; };
		A763F9CC2DB691F800EC9583 /* Assets.xcassets in Resources */ = {isa = PBXBuildFile; fileRef = A763F9B32DB691F800EC9583 /* Assets.xcassets */; };
		A763F9CF2DB6920A00EC9583 /* DungGeunMo.ttf in Resources */ = {isa = PBXBuildFile; fileRef = A763F9CE2DB6920A00EC9583 /* DungGeunMo.ttf */; };
		A763F9D42DB7202E00EC9583 /* NoteEditView.swift in Sources */ = {isa = PBXBuildFile; fileRef = A763F9D32DB7202E00EC9583 /* NoteEditView.swift */; };
		A763F9D62DB7350D00EC9583 /* TopBarView.swift in Sources */ = {isa = PBXBuildFile; fileRef = A763F9D52DB7350500EC9583 /* TopBarView.swift */; };
		A763F9DA2DB7395300EC9583 /* HamCarouselView.swift in Sources */ = {isa = PBXBuildFile; fileRef = A763F9D92DB7394600EC9583 /* HamCarouselView.swift */; };
/* End PBXBuildFile section */

/* Begin PBXFileReference section */
		A763F9542DB65C7E00EC9583 /* miniHamzzang.app */ = {isa = PBXFileReference; explicitFileType = wrapper.application; includeInIndex = 0; path = miniHamzzang.app; sourceTree = BUILT_PRODUCTS_DIR; };
		A763F9B12DB691F800EC9583 /* Preview Assets.xcassets */ = {isa = PBXFileReference; lastKnownFileType = folder.assetcatalog; path = "Preview Assets.xcassets"; sourceTree = "<group>"; };
		A763F9B32DB691F800EC9583 /* Assets.xcassets */ = {isa = PBXFileReference; lastKnownFileType = folder.assetcatalog; path = Assets.xcassets; sourceTree = "<group>"; };
		A763F9B42DB691F800EC9583 /* ContentView.swift */ = {isa = PBXFileReference; lastKnownFileType = sourcecode.swift; path = ContentView.swift; sourceTree = "<group>"; };
		A763F9B52DB691F800EC9583 /* DataAnalysisView.swift */ = {isa = PBXFileReference; lastKnownFileType = sourcecode.swift; path = DataAnalysisView.swift; sourceTree = "<group>"; };
		A763F9B62DB691F800EC9583 /* EditNameSheet.swift */ = {isa = PBXFileReference; lastKnownFileType = sourcecode.swift; path = EditNameSheet.swift; sourceTree = "<group>"; };
		A763F9B72DB691F800EC9583 /* Hamzzang.swift */ = {isa = PBXFileReference; lastKnownFileType = sourcecode.swift; path = Hamzzang.swift; sourceTree = "<group>"; };
		A763F9B82DB691F800EC9583 /* HamzzangListView.swift */ = {isa = PBXFileReference; lastKnownFileType = sourcecode.swift; path = HamzzangListView.swift; sourceTree = "<group>"; };
		A763F9B92DB691F800EC9583 /* HamzzangMainView.swift */ = {isa = PBXFileReference; lastKnownFileType = sourcecode.swift; path = HamzzangMainView.swift; sourceTree = "<group>"; };
		A763F9BA2DB691F800EC9583 /* miniHamzzangApp.swift */ = {isa = PBXFileReference; lastKnownFileType = sourcecode.swift; path = miniHamzzangApp.swift; sourceTree = "<group>"; };
		A763F9BB2DB691F800EC9583 /* Note.swift */ = {isa = PBXFileReference; lastKnownFileType = sourcecode.swift; path = Note.swift; sourceTree = "<group>"; };
		A763F9BC2DB691F800EC9583 /* NoteEditorSheet.swift */ = {isa = PBXFileReference; lastKnownFileType = sourcecode.swift; path = NoteEditorSheet.swift; sourceTree = "<group>"; };
		A763F9BD2DB691F800EC9583 /* NoteInputView.swift */ = {isa = PBXFileReference; lastKnownFileType = sourcecode.swift; path = NoteInputView.swift; sourceTree = "<group>"; };
		A763F9BE2DB691F800EC9583 /* NoteListView.swift */ = {isa = PBXFileReference; lastKnownFileType = sourcecode.swift; path = NoteListView.swift; sourceTree = "<group>"; };
		A763F9CE2DB6920A00EC9583 /* DungGeunMo.ttf */ = {isa = PBXFileReference; lastKnownFileType = file; path = DungGeunMo.ttf; sourceTree = "<group>"; };
		A763F9D32DB7202E00EC9583 /* NoteEditView.swift */ = {isa = PBXFileReference; lastKnownFileType = sourcecode.swift; path = NoteEditView.swift; sourceTree = "<group>"; };
		A763F9D52DB7350500EC9583 /* TopBarView.swift */ = {isa = PBXFileReference; lastKnownFileType = sourcecode.swift; path = TopBarView.swift; sourceTree = "<group>"; };
		A763F9D92DB7394600EC9583 /* HamCarouselView.swift */ = {isa = PBXFileReference; lastKnownFileType = sourcecode.swift; path = HamCarouselView.swift; sourceTree = "<group>"; };
/* End PBXFileReference section */

/* Begin PBXFrameworksBuildPhase section */
		A763F9512DB65C7E00EC9583 /* Frameworks */ = {
			isa = PBXFrameworksBuildPhase;
			buildActionMask = 2147483647;
			files = (
			);
			runOnlyForDeploymentPostprocessing = 0;
		};
/* End PBXFrameworksBuildPhase section */

/* Begin PBXGroup section */
		A763F94B2DB65C7E00EC9583 = {
			isa = PBXGroup;
			children = (
				A763F9BF2DB691F800EC9583 /* miniHamzzang */,
				A763F9552DB65C7E00EC9583 /* Products */,
			);
			sourceTree = "<group>";
		};
		A763F9552DB65C7E00EC9583 /* Products */ = {
			isa = PBXGroup;
			children = (
				A763F9542DB65C7E00EC9583 /* miniHamzzang.app */,
			);
			name = Products;
			sourceTree = "<group>";
		};
		A763F9B22DB691F800EC9583 /* Preview Content */ = {
			isa = PBXGroup;
			children = (
				A763F9B12DB691F800EC9583 /* Preview Assets.xcassets */,
			);
			path = "Preview Content";
			sourceTree = "<group>";
		};
		A763F9BF2DB691F800EC9583 /* miniHamzzang */ = {
			isa = PBXGroup;
			children = (
				A763F9CD2DB691FB00EC9583 /* Font */,
				A763F9B22DB691F800EC9583 /* Preview Content */,
				A763F9B32DB691F800EC9583 /* Assets.xcassets */,
				A763F9B42DB691F800EC9583 /* ContentView.swift */,
				A763F9B52DB691F800EC9583 /* DataAnalysisView.swift */,
				A763F9B62DB691F800EC9583 /* EditNameSheet.swift */,
				A763F9B72DB691F800EC9583 /* Hamzzang.swift */,
				A763F9B82DB691F800EC9583 /* HamzzangListView.swift */,
				A763F9B92DB691F800EC9583 /* HamzzangMainView.swift */,
				A763F9D52DB7350500EC9583 /* TopBarView.swift */,
				A763F9BA2DB691F800EC9583 /* miniHamzzangApp.swift */,
				A763F9D92DB7394600EC9583 /* HamCarouselView.swift */,
				A763F9BB2DB691F800EC9583 /* Note.swift */,
				A763F9D32DB7202E00EC9583 /* NoteEditView.swift */,
				A763F9BC2DB691F800EC9583 /* NoteEditorSheet.swift */,
				A763F9BD2DB691F800EC9583 /* NoteInputView.swift */,
				A763F9BE2DB691F800EC9583 /* NoteListView.swift */,
			);
			path = miniHamzzang;
			sourceTree = "<group>";
		};
		A763F9CD2DB691FB00EC9583 /* Font */ = {
			isa = PBXGroup;
			children = (
				A763F9CE2DB6920A00EC9583 /* DungGeunMo.ttf */,
			);
			path = Font;
			sourceTree = "<group>";
		};
/* End PBXGroup section */

/* Begin PBXNativeTarget section */
		A763F9532DB65C7E00EC9583 /* miniHamzzang */ = {
			isa = PBXNativeTarget;
			buildConfigurationList = A763F9622DB65C7F00EC9583 /* Build configuration list for PBXNativeTarget "miniHamzzang" */;
			buildPhases = (
				A763F9502DB65C7E00EC9583 /* Sources */,
				A763F9512DB65C7E00EC9583 /* Frameworks */,
				A763F9522DB65C7E00EC9583 /* Resources */,
			);
			buildRules = (
			);
			dependencies = (
			);
			name = miniHamzzang;
			packageProductDependencies = (
			);
			productName = miniHamzzang;
			productReference = A763F9542DB65C7E00EC9583 /* miniHamzzang.app */;
			productType = "com.apple.product-type.application";
		};
/* End PBXNativeTarget section */

/* Begin PBXProject section */
		A763F94C2DB65C7E00EC9583 /* Project object */ = {
			isa = PBXProject;
			attributes = {
				BuildIndependentTargetsInParallel = 1;
				LastSwiftUpdateCheck = 1620;
				LastUpgradeCheck = 1620;
				TargetAttributes = {
					A763F9532DB65C7E00EC9583 = {
						CreatedOnToolsVersion = 16.2;
					};
				};
			};
			buildConfigurationList = A763F94F2DB65C7E00EC9583 /* Build configuration list for PBXProject "miniHamzzang" */;
			developmentRegion = en;
			hasScannedForEncodings = 0;
			knownRegions = (
				en,
				Base,
			);
			mainGroup = A763F94B2DB65C7E00EC9583;
			minimizedProjectReferenceProxies = 1;
			preferredProjectObjectVersion = 77;
			productRefGroup = A763F9552DB65C7E00EC9583 /* Products */;
			projectDirPath = "";
			projectRoot = "";
			targets = (
				A763F9532DB65C7E00EC9583 /* miniHamzzang */,
			);
		};
/* End PBXProject section */

/* Begin PBXResourcesBuildPhase section */
		A763F9522DB65C7E00EC9583 /* Resources */ = {
			isa = PBXResourcesBuildPhase;
			buildActionMask = 2147483647;
			files = (
				A763F9CB2DB691F800EC9583 /* Preview Assets.xcassets in Resources */,
				A763F9CC2DB691F800EC9583 /* Assets.xcassets in Resources */,
				A763F9CF2DB6920A00EC9583 /* DungGeunMo.ttf in Resources */,
			);
			runOnlyForDeploymentPostprocessing = 0;
		};
/* End PBXResourcesBuildPhase section */

/* Begin PBXSourcesBuildPhase section */
		A763F9502DB65C7E00EC9583 /* Sources */ = {
			isa = PBXSourcesBuildPhase;
			buildActionMask = 2147483647;
			files = (
				A763F9D42DB7202E00EC9583 /* NoteEditView.swift in Sources */,
				A763F9C02DB691F800EC9583 /* ContentView.swift in Sources */,
				A763F9C12DB691F800EC9583 /* DataAnalysisView.swift in Sources */,
				A763F9C22DB691F800EC9583 /* EditNameSheet.swift in Sources */,
				A763F9C32DB691F800EC9583 /* Hamzzang.swift in Sources */,
				A763F9DA2DB7395300EC9583 /* HamCarouselView.swift in Sources */,
				A763F9C42DB691F800EC9583 /* HamzzangListView.swift in Sources */,
				A763F9C52DB691F800EC9583 /* HamzzangMainView.swift in Sources */,
				A763F9C62DB691F800EC9583 /* miniHamzzangApp.swift in Sources */,
				A763F9D62DB7350D00EC9583 /* TopBarView.swift in Sources */,
				A763F9C72DB691F800EC9583 /* Note.swift in Sources */,
				A763F9C82DB691F800EC9583 /* NoteEditorSheet.swift in Sources */,
				A763F9C92DB691F800EC9583 /* NoteInputView.swift in Sources */,
				A763F9CA2DB691F800EC9583 /* NoteListView.swift in Sources */,
			);
			runOnlyForDeploymentPostprocessing = 0;
		};
/* End PBXSourcesBuildPhase section */

/* Begin XCBuildConfiguration section */
		A763F9602DB65C7F00EC9583 /* Debug */ = {
			isa = XCBuildConfiguration;
			buildSettings = {
				ALWAYS_SEARCH_USER_PATHS = NO;
				ASSETCATALOG_COMPILER_GENERATE_SWIFT_ASSET_SYMBOL_EXTENSIONS = YES;
				CLANG_ANALYZER_NONNULL = YES;
				CLANG_ANALYZER_NUMBER_OBJECT_CONVERSION = YES_AGGRESSIVE;
				CLANG_CXX_LANGUAGE_STANDARD = "gnu++20";
				CLANG_ENABLE_MODULES = YES;
				CLANG_ENABLE_OBJC_ARC = YES;
				CLANG_ENABLE_OBJC_WEAK = YES;
				CLANG_WARN_BLOCK_CAPTURE_AUTORELEASING = YES;
				CLANG_WARN_BOOL_CONVERSION = YES;
				CLANG_WARN_COMMA = YES;
				CLANG_WARN_CONSTANT_CONVERSION = YES;
				CLANG_WARN_DEPRECATED_OBJC_IMPLEMENTATIONS = YES;
				CLANG_WARN_DIRECT_OBJC_ISA_USAGE = YES_ERROR;
				CLANG_WARN_DOCUMENTATION_COMMENTS = YES;
				CLANG_WARN_EMPTY_BODY = YES;
				CLANG_WARN_ENUM_CONVERSION = YES;
				CLANG_WARN_INFINITE_RECURSION = YES;
				CLANG_WARN_INT_CONVERSION = YES;
				CLANG_WARN_NON_LITERAL_NULL_CONVERSION = YES;
				CLANG_WARN_OBJC_IMPLICIT_RETAIN_SELF = YES;
				CLANG_WARN_OBJC_LITERAL_CONVERSION = YES;
				CLANG_WARN_OBJC_ROOT_CLASS = YES_ERROR;
				CLANG_WARN_QUOTED_INCLUDE_IN_FRAMEWORK_HEADER = YES;
				CLANG_WARN_RANGE_LOOP_ANALYSIS = YES;
				CLANG_WARN_STRICT_PROTOTYPES = YES;
				CLANG_WARN_SUSPICIOUS_MOVE = YES;
				CLANG_WARN_UNGUARDED_AVAILABILITY = YES_AGGRESSIVE;
				CLANG_WARN_UNREACHABLE_CODE = YES;
				CLANG_WARN__DUPLICATE_METHOD_MATCH = YES;
				COPY_PHASE_STRIP = NO;
				DEBUG_INFORMATION_FORMAT = dwarf;
				ENABLE_STRICT_OBJC_MSGSEND = YES;
				ENABLE_TESTABILITY = YES;
				ENABLE_USER_SCRIPT_SANDBOXING = YES;
				GCC_C_LANGUAGE_STANDARD = gnu17;
				GCC_DYNAMIC_NO_PIC = NO;
				GCC_NO_COMMON_BLOCKS = YES;
				GCC_OPTIMIZATION_LEVEL = 0;
				GCC_PREPROCESSOR_DEFINITIONS = (
					"DEBUG=1",
					"$(inherited)",
				);
				GCC_WARN_64_TO_32_BIT_CONVERSION = YES;
				GCC_WARN_ABOUT_RETURN_TYPE = YES_ERROR;
				GCC_WARN_UNDECLARED_SELECTOR = YES;
				GCC_WARN_UNINITIALIZED_AUTOS = YES_AGGRESSIVE;
				GCC_WARN_UNUSED_FUNCTION = YES;
				GCC_WARN_UNUSED_VARIABLE = YES;
				IPHONEOS_DEPLOYMENT_TARGET = 18.2;
				LOCALIZATION_PREFERS_STRING_CATALOGS = YES;
				MTL_ENABLE_DEBUG_INFO = INCLUDE_SOURCE;
				MTL_FAST_MATH = YES;
				ONLY_ACTIVE_ARCH = YES;
				SDKROOT = iphoneos;
				SWIFT_ACTIVE_COMPILATION_CONDITIONS = "DEBUG $(inherited)";
				SWIFT_OPTIMIZATION_LEVEL = "-Onone";
			};
			name = Debug;
		};
		A763F9612DB65C7F00EC9583 /* Release */ = {
			isa = XCBuildConfiguration;
			buildSettings = {
				ALWAYS_SEARCH_USER_PATHS = NO;
				ASSETCATALOG_COMPILER_GENERATE_SWIFT_ASSET_SYMBOL_EXTENSIONS = YES;
				CLANG_ANALYZER_NONNULL = YES;
				CLANG_ANALYZER_NUMBER_OBJECT_CONVERSION = YES_AGGRESSIVE;
				CLANG_CXX_LANGUAGE_STANDARD = "gnu++20";
				CLANG_ENABLE_MODULES = YES;
				CLANG_ENABLE_OBJC_ARC = YES;
				CLANG_ENABLE_OBJC_WEAK = YES;
				CLANG_WARN_BLOCK_CAPTURE_AUTORELEASING = YES;
				CLANG_WARN_BOOL_CONVERSION = YES;
				CLANG_WARN_COMMA = YES;
				CLANG_WARN_CONSTANT_CONVERSION = YES;
				CLANG_WARN_DEPRECATED_OBJC_IMPLEMENTATIONS = YES;
				CLANG_WARN_DIRECT_OBJC_ISA_USAGE = YES_ERROR;
				CLANG_WARN_DOCUMENTATION_COMMENTS = YES;
				CLANG_WARN_EMPTY_BODY = YES;
				CLANG_WARN_ENUM_CONVERSION = YES;
				CLANG_WARN_INFINITE_RECURSION = YES;
				CLANG_WARN_INT_CONVERSION = YES;
				CLANG_WARN_NON_LITERAL_NULL_CONVERSION = YES;
				CLANG_WARN_OBJC_IMPLICIT_RETAIN_SELF = YES;
				CLANG_WARN_OBJC_LITERAL_CONVERSION = YES;
				CLANG_WARN_OBJC_ROOT_CLASS = YES_ERROR;
				CLANG_WARN_QUOTED_INCLUDE_IN_FRAMEWORK_HEADER = YES;
				CLANG_WARN_RANGE_LOOP_ANALYSIS = YES;
				CLANG_WARN_STRICT_PROTOTYPES = YES;
				CLANG_WARN_SUSPICIOUS_MOVE = YES;
				CLANG_WARN_UNGUARDED_AVAILABILITY = YES_AGGRESSIVE;
				CLANG_WARN_UNREACHABLE_CODE = YES;
				CLANG_WARN__DUPLICATE_METHOD_MATCH = YES;
				COPY_PHASE_STRIP = NO;
				DEBUG_INFORMATION_FORMAT = "dwarf-with-dsym";
				ENABLE_NS_ASSERTIONS = NO;
				ENABLE_STRICT_OBJC_MSGSEND = YES;
				ENABLE_USER_SCRIPT_SANDBOXING = YES;
				GCC_C_LANGUAGE_STANDARD = gnu17;
				GCC_NO_COMMON_BLOCKS = YES;
				GCC_WARN_64_TO_32_BIT_CONVERSION = YES;
				GCC_WARN_ABOUT_RETURN_TYPE = YES_ERROR;
				GCC_WARN_UNDECLARED_SELECTOR = YES;
				GCC_WARN_UNINITIALIZED_AUTOS = YES_AGGRESSIVE;
				GCC_WARN_UNUSED_FUNCTION = YES;
				GCC_WARN_UNUSED_VARIABLE = YES;
				IPHONEOS_DEPLOYMENT_TARGET = 18.2;
				LOCALIZATION_PREFERS_STRING_CATALOGS = YES;
				MTL_ENABLE_DEBUG_INFO = NO;
				MTL_FAST_MATH = YES;
				SDKROOT = iphoneos;
				SWIFT_COMPILATION_MODE = wholemodule;
				VALIDATE_PRODUCT = YES;
			};
			name = Release;
		};
		A763F9632DB65C7F00EC9583 /* Debug */ = {
			isa = XCBuildConfiguration;
			buildSettings = {
				ASSETCATALOG_COMPILER_APPICON_NAME = AppIcon;
				ASSETCATALOG_COMPILER_GLOBAL_ACCENT_COLOR_NAME = AccentColor;
				CODE_SIGN_STYLE = Automatic;
				CURRENT_PROJECT_VERSION = 1;
				DEVELOPMENT_ASSET_PATHS = "\"miniHamzzang/Preview Content\"";
				ENABLE_PREVIEWS = YES;
				GENERATE_INFOPLIST_FILE = YES;
				INFOPLIST_FILE = miniHamzzang/Info.plist;
				INFOPLIST_KEY_UIApplicationSceneManifest_Generation = YES;
				INFOPLIST_KEY_UIApplicationSupportsIndirectInputEvents = YES;
				INFOPLIST_KEY_UILaunchScreen_Generation = YES;
				INFOPLIST_KEY_UISupportedInterfaceOrientations_iPad = "UIInterfaceOrientationPortrait UIInterfaceOrientationPortraitUpsideDown UIInterfaceOrientationLandscapeLeft UIInterfaceOrientationLandscapeRight";
				INFOPLIST_KEY_UISupportedInterfaceOrientations_iPhone = "UIInterfaceOrientationPortrait UIInterfaceOrientationLandscapeLeft UIInterfaceOrientationLandscapeRight";
				LD_RUNPATH_SEARCH_PATHS = (
					"$(inherited)",
					"@executable_path/Frameworks",
				);
				MARKETING_VERSION = 1.0;
				PRODUCT_BUNDLE_IDENTIFIER = com.howrad.miniHamzzang;
				PRODUCT_NAME = "$(TARGET_NAME)";
				SWIFT_EMIT_LOC_STRINGS = YES;
				SWIFT_VERSION = 5.0;
				TARGETED_DEVICE_FAMILY = "1,2";
			};
			name = Debug;
		};
		A763F9642DB65C7F00EC9583 /* Release */ = {
			isa = XCBuildConfiguration;
			buildSettings = {
				ASSETCATALOG_COMPILER_APPICON_NAME = AppIcon;
				ASSETCATALOG_COMPILER_GLOBAL_ACCENT_COLOR_NAME = AccentColor;
				CODE_SIGN_STYLE = Automatic;
				CURRENT_PROJECT_VERSION = 1;
				DEVELOPMENT_ASSET_PATHS = "\"miniHamzzang/Preview Content\"";
				ENABLE_PREVIEWS = YES;
				GENERATE_INFOPLIST_FILE = YES;
				INFOPLIST_FILE = miniHamzzang/Info.plist;
				INFOPLIST_KEY_UIApplicationSceneManifest_Generation = YES;
				INFOPLIST_KEY_UIApplicationSupportsIndirectInputEvents = YES;
				INFOPLIST_KEY_UILaunchScreen_Generation = YES;
				INFOPLIST_KEY_UISupportedInterfaceOrientations_iPad = "UIInterfaceOrientationPortrait UIInterfaceOrientationPortraitUpsideDown UIInterfaceOrientationLandscapeLeft UIInterfaceOrientationLandscapeRight";
				INFOPLIST_KEY_UISupportedInterfaceOrientations_iPhone = "UIInterfaceOrientationPortrait UIInterfaceOrientationLandscapeLeft UIInterfaceOrientationLandscapeRight";
				LD_RUNPATH_SEARCH_PATHS = (
					"$(inherited)",
					"@executable_path/Frameworks",
				);
				MARKETING_VERSION = 1.0;
				PRODUCT_BUNDLE_IDENTIFIER = com.howrad.miniHamzzang;
				PRODUCT_NAME = "$(TARGET_NAME)";
				SWIFT_EMIT_LOC_STRINGS = YES;
				SWIFT_VERSION = 5.0;
				TARGETED_DEVICE_FAMILY = "1,2";
			};
			name = Release;
		};
/* End XCBuildConfiguration section */

/* Begin XCConfigurationList section */
		A763F94F2DB65C7E00EC9583 /* Build configuration list for PBXProject "miniHamzzang" */ = {
			isa = XCConfigurationList;
			buildConfigurations = (
				A763F9602DB65C7F00EC9583 /* Debug */,
				A763F9612DB65C7F00EC9583 /* Release */,
			);
			defaultConfigurationIsVisible = 0;
			defaultConfigurationName = Release;
		};
		A763F9622DB65C7F00EC9583 /* Build configuration list for PBXNativeTarget "miniHamzzang" */ = {
			isa = XCConfigurationList;
			buildConfigurations = (
				A763F9632DB65C7F00EC9583 /* Debug */,
				A763F9642DB65C7F00EC9583 /* Release */,
			);
			defaultConfigurationIsVisible = 0;
			defaultConfigurationName = Release;
		};
/* End XCConfigurationList section */
	};
	rootObject = A763F94C2DB65C7E00EC9583 /* Project object */;
}
